{
  "requires": true,
  "lockfileVersion": 1,
  "dependencies": {
    "embla-carousel": {
      "version": "4.1.3",
      "resolved": "https://registry.npmjs.org/embla-carousel/-/embla-carousel-4.1.3.tgz",
      "integrity": "sha512-9mX8h8SVRi9szOB6RIcSZuAPl1NgWa1+2KRRXFDWUy0ER+6BOgYvVHmunNkjLM/yg9VElAxL5PNmc+YccKeFtQ=="
    }
  }
}
